
Microsoft Visual Studio Solution File, Format Version 12.00
# Visual Studio Version 16
VisualStudioVersion = 16.0.33529.622
MinimumVisualStudioVersion = 10.0.40219.1
Project("{FAE04EC0-301F-11D3-BF4B-00C04F79EFBC}") = "smartlibrary", "smartlibrary\smartlibrary.csproj", "{38BF0DE5-4AD5-4D75-BB9C-F7403FEF3B7D}"
EndProject
Global
	GlobalSection(SolutionConfigurationPlatforms) = preSolution
		Debug|Any CPU = Debug|Any CPU
		Release|Any CPU = Release|Any CPU
	EndGlobalSection
	GlobalSection(ProjectConfigurationPlatforms) = postSolution
		{38BF0DE5-4AD5-4D75-BB9C-F7403FEF3B7D}.Debug|Any CPU.ActiveCfg = Debug|Any CPU
		{38BF0DE5-4AD5-4D75-BB9C-F7403FEF3B7D}.Debug|Any CPU.Build.0 = Debug|Any CPU
		{38BF0DE5-4AD5-4D75-BB9C-F7403FEF3B7D}.Release|Any CPU.ActiveCfg = Release|Any CPU
		{38BF0DE5-4AD5-4D75-BB9C-F7403FEF3B7D}.Release|Any CPU.Build.0 = Release|Any CPU
	EndGlobalSection
	GlobalSection(SolutionProperties) = preSolution
		HideSolutionNode = FALSE
	EndGlobalSection
	GlobalSection(ExtensibilityGlobals) = postSolution
		SolutionGuid = {18D21765-6378-4B2D-8989-190E63208FA6}
	EndGlobalSection
EndGlobal
